
Microsoft Visual Studio Solution File, Format Version 12.00
# Visual Studio Version 17
VisualStudioVersion = 17.9.34714.143
MinimumVisualStudioVersion = 10.0.40219.1
Project("{FAE04EC0-301F-11D3-BF4B-00C04F79EFBC}") = "BlazorAppRefit", "BlazorAppRefit\BlazorAppRefit.csproj", "{92F6F626-BD20-4793-A808-3DA4BC27F1A5}"
EndProject
Project("{FAE04EC0-301F-11D3-BF4B-00C04F79EFBC}") = "Server", "Server\Server.csproj", "{72064DD0-D8F4-4C3A-A2C2-0E288F230DA0}"
EndProject
Global
	GlobalSection(SolutionConfigurationPlatforms) = preSolution
		Debug|Any CPU = Debug|Any CPU
		Release|Any CPU = Release|Any CPU
	EndGlobalSection
	GlobalSection(ProjectConfigurationPlatforms) = postSolution
		{92F6F626-BD20-4793-A808-3DA4BC27F1A5}.Debug|Any CPU.ActiveCfg = Debug|Any CPU
		{92F6F626-BD20-4793-A808-3DA4BC27F1A5}.Debug|Any CPU.Build.0 = Debug|Any CPU
		{92F6F626-BD20-4793-A808-3DA4BC27F1A5}.Release|Any CPU.ActiveCfg = Release|Any CPU
		{92F6F626-BD20-4793-A808-3DA4BC27F1A5}.Release|Any CPU.Build.0 = Release|Any CPU
		{72064DD0-D8F4-4C3A-A2C2-0E288F230DA0}.Debug|Any CPU.ActiveCfg = Debug|Any CPU
		{72064DD0-D8F4-4C3A-A2C2-0E288F230DA0}.Debug|Any CPU.Build.0 = Debug|Any CPU
		{72064DD0-D8F4-4C3A-A2C2-0E288F230DA0}.Release|Any CPU.ActiveCfg = Release|Any CPU
		{72064DD0-D8F4-4C3A-A2C2-0E288F230DA0}.Release|Any CPU.Build.0 = Release|Any CPU
	EndGlobalSection
	GlobalSection(SolutionProperties) = preSolution
		HideSolutionNode = FALSE
	EndGlobalSection
	GlobalSection(ExtensibilityGlobals) = postSolution
		SolutionGuid = {F9BE308A-E320-475C-B390-F29477EABC80}
	EndGlobalSection
EndGlobal
